// !$*UTF8*$!
{
	archiveVersion = 1;
	classes = {
	};
	objectVersion = 46;
	objects = {

/* Begin PBXBuildFile section */
		BCD169CA1C2DF6DB008805F4 /* AppDelegate.swift in Sources */ = {isa = PBXBuildFile; fileRef = BCD169C91C2DF6DB008805F4 /* AppDelegate.swift */; };
		BCD169CF1C2DF6DB008805F4 /* Main.storyboard in Resources */ = {isa = PBXBuildFile; fileRef = BCD169CD1C2DF6DB008805F4 /* Main.storyboard */; };
		BCD169D11C2DF6DB008805F4 /* Assets.xcassets in Resources */ = {isa = PBXBuildFile; fileRef = BCD169D01C2DF6DB008805F4 /* Assets.xcassets */; };
		BCD169D41C2DF6DB008805F4 /* LaunchScreen.storyboard in Resources */ = {isa = PBXBuildFile; fileRef = BCD169D21C2DF6DB008805F4 /* LaunchScreen.storyboard */; };
		BCD169DD1C2DFE4A008805F4 /* MusicTableVC.swift in Sources */ = {isa = PBXBuildFile; fileRef = BCD169DC1C2DFE4A008805F4 /* MusicTableVC.swift */; };
/* End PBXBuildFile section */

/* Begin PBXFileReference section */
		BCD169C61C2DF6DB008805F4 /* musicPlayer.app */ = {isa = PBXFileReference; explicitFileType = wrapper.application; includeInIndex = 0; path = musicPlayer.app; sourceTree = BUILT_PRODUCTS_DIR; };
		BCD169C91C2DF6DB008805F4 /* AppDelegate.swift */ = {isa = PBXFileReference; lastKnownFileType = sourcecode.swift; path = AppDelegate.swift; sourceTree = "<group>"; };
		BCD169CE1C2DF6DB008805F4 /* Base */ = {isa = PBXFileReference; lastKnownFileType = file.storyboard; name = Base; path = Base.lproj/Main.storyboard; sourceTree = "<group>"; };
		BCD169D01C2DF6DB008805F4 /* Assets.xcassets */ = {isa = PBXFileReference; lastKnownFileType = folder.assetcatalog; path = Assets.xcassets; sourceTree = "<group>"; };
		BCD169D31C2DF6DB008805F4 /* Base */ = {isa = PBXFileReference; lastKnownFileType = file.storyboard; name = Base; path = Base.lproj/LaunchScreen.storyboard; sourceTree = "<group>"; };
		BCD169D51C2DF6DB008805F4 /* Info.plist */ = {isa = PBXFileReference; lastKnownFileType = text.plist.xml; path = Info.plist; sourceTree = "<group>"; };
		BCD169DC1C2DFE4A008805F4 /* MusicTableVC.swift */ = {isa = PBXFileReference; fileEncoding = 4; lastKnownFileType = sourcecode.swift; path = MusicTableVC.swift; sourceTree = "<group>"; };
/* End PBXFileReference section */

/* Begin PBXFrameworksBuildPhase section */
		BCD169C31C2DF6DB008805F4 /* Frameworks */ = {
			isa = PBXFrameworksBuildPhase;
			buildActionMask = 2147483647;
			files = (
			);
			runOnlyForDeploymentPostprocessing = 0;
		};
/* End PBXFrameworksBuildPhase section */

/* Begin PBXGroup section */
		BCD169BD1C2DF6DB008805F4 = {
			isa = PBXGroup;
			children = (
				BCD169C81C2DF6DB008805F4 /* musicPlayer */,
				BCD169C71C2DF6DB008805F4 /* Products */,
			);
			sourceTree = "<group>";
		};
		BCD169C71C2DF6DB008805F4 /* Products */ = {
			isa = PBXGroup;
			children = (
				BCD169C61C2DF6DB008805F4 /* musicPlayer.app */,
			);
			name = Products;
			sourceTree = "<group>";
		};
		BCD169C81C2DF6DB008805F4 /* musicPlayer */ = {
			isa = PBXGroup;
			children = (
				BCD169DC1C2DFE4A008805F4 /* MusicTableVC.swift */,
				BCD169CD1C2DF6DB008805F4 /* Main.storyboard */,
				BCD169C91C2DF6DB008805F4 /* AppDelegate.swift */,
				BCD169DB1C2DF71B008805F4 /* others */,
			);
			path = musicPlayer;
			sourceTree = "<group>";
		};
		BCD169DB1C2DF71B008805F4 /* others */ = {
			isa = PBXGroup;
			children = (
				BCD169D01C2DF6DB008805F4 /* Assets.xcassets */,
				BCD169D21C2DF6DB008805F4 /* LaunchScreen.storyboard */,
				BCD169D51C2DF6DB008805F4 /* Info.plist */,
			);
			name = others;
			sourceTree = "<group>";
		};
/* End PBXGroup section */

/* Begin PBXNativeTarget section */
		BCD169C51C2DF6DB008805F4 /* musicPlayer */ = {
			isa = PBXNativeTarget;
			buildConfigurationList = BCD169D81C2DF6DB008805F4 /* Build configuration list for PBXNativeTarget "musicPlayer" */;
			buildPhases = (
				BCD169C21C2DF6DB008805F4 /* Sources */,
				BCD169C31C2DF6DB008805F4 /* Frameworks */,
				BCD169C41C2DF6DB008805F4 /* Resources */,
			);
			buildRules = (
			);
			dependencies = (
			);
			name = musicPlayer;
			productName = musicPlayer;
			productReference = BCD169C61C2DF6DB008805F4 /* musicPlayer.app */;
			productType = "com.apple.product-type.application";
		};
/* End PBXNativeTarget section */

/* Begin PBXProject section */
		BCD169BE1C2DF6DB008805F4 /* Project object */ = {
			isa = PBXProject;
			attributes = {
				LastSwiftUpdateCheck = 0720;
				LastUpgradeCheck = 0720;
				ORGANIZATIONNAME = "Руслан Ольховка";
				TargetAttributes = {
					BCD169C51C2DF6DB008805F4 = {
						CreatedOnToolsVersion = 7.2;
						DevelopmentTeam = 8NXXYF76CS;
					};
				};
			};
			buildConfigurationList = BCD169C11C2DF6DB008805F4 /* Build configuration list for PBXProject "musicPlayer" */;
			compatibilityVersion = "Xcode 3.2";
			developmentRegion = English;
			hasScannedForEncodings = 0;
			knownRegions = (
				en,
				Base,
			);
			mainGroup = BCD169BD1C2DF6DB008805F4;
			productRefGroup = BCD169C71C2DF6DB008805F4 /* Products */;
			projectDirPath = "";
			projectRoot = "";
			targets = (
				BCD169C51C2DF6DB008805F4 /* musicPlayer */,
			);
		};
/* End PBXProject section */

/* Begin PBXResourcesBuildPhase section */
		BCD169C41C2DF6DB008805F4 /* Resources */ = {
			isa = PBXResourcesBuildPhase;
			buildActionMask = 2147483647;
			files = (
				BCD169D41C2DF6DB008805F4 /* LaunchScreen.storyboard in Resources */,
				BCD169D11C2DF6DB008805F4 /* Assets.xcassets in Resources */,
				BCD169CF1C2DF6DB008805F4 /* Main.storyboard in Resources */,
			);
			runOnlyForDeploymentPostprocessing = 0;
		};
/* End PBXResourcesBuildPhase section */

/* Begin PBXSourcesBuildPhase section */
		BCD169C21C2DF6DB008805F4 /* Sources */ = {
			isa = PBXSourcesBuildPhase;
			buildActionMask = 2147483647;
			files = (
				BCD169CA1C2DF6DB008805F4 /* AppDelegate.swift in Sources */,
				BCD169DD1C2DFE4A008805F4 /* MusicTableVC.swift in Sources */,
			);
			runOnlyForDeploymentPostprocessing = 0;
		};
/* End PBXSourcesBuildPhase section */

/* Begin PBXVariantGroup section */
		BCD169CD1C2DF6DB008805F4 /* Main.storyboard */ = {
			isa = PBXVariantGroup;
			children = (
				BCD169CE1C2DF6DB008805F4 /* Base */,
			);
			name = Main.storyboard;
			sourceTree = "<group>";
		};
		BCD169D21C2DF6DB008805F4 /* LaunchScreen.storyboard */ = {
			isa = PBXVariantGroup;
			children = (
				BCD169D31C2DF6DB008805F4 /* Base */,
			);
			name = LaunchScreen.storyboard;
			sourceTree = "<group>";
		};
/* End PBXVariantGroup section */

/* Begin XCBuildConfiguration section */
		BCD169D61C2DF6DB008805F4 /* Debug */ = {
			isa = XCBuildConfiguration;
			buildSettings = {
				ALWAYS_SEARCH_USER_PATHS = NO;
				CLANG_CXX_LANGUAGE_STANDARD = "gnu++0x";
				CLANG_CXX_LIBRARY = "libc++";
				CLANG_ENABLE_MODULES = YES;
				CLANG_ENABLE_OBJC_ARC = YES;
				CLANG_WARN_BOOL_CONVERSION = YES;
				CLANG_WARN_CONSTANT_CONVERSION = YES;
				CLANG_WARN_DIRECT_OBJC_ISA_USAGE = YES_ERROR;
				CLANG_WARN_EMPTY_BODY = YES;
				CLANG_WARN_ENUM_CONVERSION = YES;
				CLANG_WARN_INT_CONVERSION = YES;
				CLANG_WARN_OBJC_ROOT_CLASS = YES_ERROR;
				CLANG_WARN_UNREACHABLE_CODE = YES;
				CLANG_WARN__DUPLICATE_METHOD_MATCH = YES;
				"CODE_SIGN_IDENTITY[sdk=iphoneos*]" = "iPhone Developer";
				COPY_PHASE_STRIP = NO;
				DEBUG_INFORMATION_FORMAT = dwarf;
				ENABLE_STRICT_OBJC_MSGSEND = YES;
				ENABLE_TESTABILITY = YES;
				GCC_C_LANGUAGE_STANDARD = gnu99;
				GCC_DYNAMIC_NO_PIC = NO;
				GCC_NO_COMMON_BLOCKS = YES;
				GCC_OPTIMIZATION_LEVEL = 0;
				GCC_PREPROCESSOR_DEFINITIONS = (
					"DEBUG=1",
					"$(inherited)",
				);
				GCC_WARN_64_TO_32_BIT_CONVERSION = YES;
				GCC_WARN_ABOUT_RETURN_TYPE = YES_ERROR;
				GCC_WARN_UNDECLARED_SELECTOR = YES;
				GCC_WARN_UNINITIALIZED_AUTOS = YES_AGGRESSIVE;
				GCC_WARN_UNUSED_FUNCTION = YES;
				GCC_WARN_UNUSED_VARIABLE = YES;
				IPHONEOS_DEPLOYMENT_TARGET = 9.2;
				MTL_ENABLE_DEBUG_INFO = YES;
				ONLY_ACTIVE_ARCH = YES;
				SDKROOT = iphoneos;
				SWIFT_OPTIMIZATION_LEVEL = "-Onone";
			};
			name = Debug;
		};
		BCD169D71C2DF6DB008805F4 /* Release */ = {
			isa = XCBuildConfiguration;
			buildSettings = {
				ALWAYS_SEARCH_USER_PATHS = NO;
				CLANG_CXX_LANGUAGE_STANDARD = "gnu++0x";
				CLANG_CXX_LIBRARY = "libc++";
				CLANG_ENABLE_MODULES = YES;
				CLANG_ENABLE_OBJC_ARC = YES;
				CLANG_WARN_BOOL_CONVERSION = YES;
				CLANG_WARN_CONSTANT_CONVERSION = YES;
				CLANG_WARN_DIRECT_OBJC_ISA_USAGE = YES_ERROR;
				CLANG_WARN_EMPTY_BODY = YES;
				CLANG_WARN_ENUM_CONVERSION = YES;
				CLANG_WARN_INT_CONVERSION = YES;
				CLANG_WARN_OBJC_ROOT_CLASS = YES_ERROR;
				CLANG_WARN_UNREACHABLE_CODE = YES;
				CLANG_WARN__DUPLICATE_METHOD_MATCH = YES;
				"CODE_SIGN_IDENTITY[sdk=iphoneos*]" = "iPhone Developer";
				COPY_PHASE_STRIP = NO;
				DEBUG_INFORMATION_FORMAT = "dwarf-with-dsym";
				ENABLE_NS_ASSERTIONS = NO;
				ENABLE_STRICT_OBJC_MSGSEND = YES;
				GCC_C_LANGUAGE_STANDARD = gnu99;
				GCC_NO_COMMON_BLOCKS = YES;
				GCC_WARN_64_TO_32_BIT_CONVERSION = YES;
				GCC_WARN_ABOUT_RETURN_TYPE = YES_ERROR;
				GCC_WARN_UNDECLARED_SELECTOR = YES;
				GCC_WARN_UNINITIALIZED_AUTOS = YES_AGGRESSIVE;
				GCC_WARN_UNUSED_FUNCTION = YES;
				GCC_WARN_UNUSED_VARIABLE = YES;
				IPHONEOS_DEPLOYMENT_TARGET = 9.2;
				MTL_ENABLE_DEBUG_INFO = NO;
				SDKROOT = iphoneos;
				VALIDATE_PRODUCT = YES;
			};
			name = Release;
		};
		BCD169D91C2DF6DB008805F4 /* Debug */ = {
			isa = XCBuildConfiguration;
			buildSettings = {
				ASSETCATALOG_COMPILER_APPICON_NAME = AppIcon;
				ASSETCATALOG_COMPILER_LAUNCHIMAGE_NAME = "Brand Assets";
				CODE_SIGN_IDENTITY = "iPhone Developer";
				"CODE_SIGN_IDENTITY[sdk=iphoneos*]" = "iPhone Developer";
				INFOPLIST_FILE = musicPlayer/Info.plist;
				IPHONEOS_DEPLOYMENT_TARGET = 7.1;
				LD_RUNPATH_SEARCH_PATHS = "$(inherited) @executable_path/Frameworks";
				PRODUCT_BUNDLE_IDENTIFIER = com.orakull.musicPlayer;
				PRODUCT_NAME = "$(TARGET_NAME)";
				PROVISIONING_PROFILE = "";
			};
			name = Debug;
		};
		BCD169DA1C2DF6DB008805F4 /* Release */ = {
			isa = XCBuildConfiguration;
			buildSettings = {
				ASSETCATALOG_COMPILER_APPICON_NAME = AppIcon;
				ASSETCATALOG_COMPILER_LAUNCHIMAGE_NAME = "Brand Assets";
				CODE_SIGN_IDENTITY = "iPhone Developer";
				"CODE_SIGN_IDENTITY[sdk=iphoneos*]" = "iPhone Developer";
				INFOPLIST_FILE = musicPlayer/Info.plist;
				IPHONEOS_DEPLOYMENT_TARGET = 7.1;
				LD_RUNPATH_SEARCH_PATHS = "$(inherited) @executable_path/Frameworks";
				PRODUCT_BUNDLE_IDENTIFIER = com.orakull.musicPlayer;
				PRODUCT_NAME = "$(TARGET_NAME)";
				PROVISIONING_PROFILE = "";
			};
			name = Release;
		};
/* End XCBuildConfiguration section */

/* Begin XCConfigurationList section */
		BCD169C11C2DF6DB008805F4 /* Build configuration list for PBXProject "musicPlayer" */ = {
			isa = XCConfigurationList;
			buildConfigurations = (
				BCD169D61C2DF6DB008805F4 /* Debug */,
				BCD169D71C2DF6DB008805F4 /* Release */,
			);
			defaultConfigurationIsVisible = 0;
			defaultConfigurationName = Release;
		};
		BCD169D81C2DF6DB008805F4 /* Build configuration list for PBXNativeTarget "musicPlayer" */ = {
			isa = XCConfigurationList;
			buildConfigurations = (
				BCD169D91C2DF6DB008805F4 /* Debug */,
				BCD169DA1C2DF6DB008805F4 /* Release */,
			);
			defaultConfigurationIsVisible = 0;
		};
/* End XCConfigurationList section */
	};
	rootObject = BCD169BE1C2DF6DB008805F4 /* Project object */;
}
